{
    "name": "data",
    "version": "1.0.0",
    "lockfileVersion": 3,
    "requires": true,
    "packages": {
        "": {
            "name": "data",
            "version": "1.0.0",
            "license": "ISC",
            "dependencies": {
                "@pkmn/client": "^0.6.26",
                "@pkmn/data": "^0.9.15",
                "@pkmn/dex": "^0.9.15",
                "@pkmn/randoms": "^0.9.15",
                "@pkmn/sim": "^0.9.15",
                "dotenv": "^16.4.5"
            },
            "devDependencies": {
                "@types/node": "^22.7.4"
            }
        },
        "node_modules/@pkmn/client": {
            "version": "0.6.26",
            "resolved": "https://registry.npmjs.org/@pkmn/client/-/client-0.6.26.tgz",
            "integrity": "sha512-U5Q5iFO5/h67ToU4cNDhkJR1tBzr6/6kX4prW4uY02neI33Aqj7cwWYNcavQcKqzLDRNVx+eWAMtUqtu461vFw==",
            "license": "MIT",
            "dependencies": {
                "@pkmn/data": "^0.9.13",
                "@pkmn/protocol": "^0.6.26"
            }
        },
        "node_modules/@pkmn/data": {
            "version": "0.9.15",
            "resolved": "https://registry.npmjs.org/@pkmn/data/-/data-0.9.15.tgz",
            "integrity": "sha512-oWYNieDyRT+LAeHPWVI4C29Vuy2XKdHjrxU/nRv/jJIejPEsMFCedbhWNxvlcImn9LK7LKD541jqHYMLsPRHAg==",
            "license": "MIT",
            "dependencies": {
                "@pkmn/dex-types": "^0.9.15"
            }
        },
        "node_modules/@pkmn/dex": {
            "version": "0.9.15",
            "resolved": "https://registry.npmjs.org/@pkmn/dex/-/dex-0.9.15.tgz",
            "integrity": "sha512-NghqZUyLEZTOVaKbmLWP9cJC9qzoVEOpiYGlJz9unke99JK/DawBcXPtPAJ8kOJIRwZOgb/NYzqPUjIYf5kOfg==",
            "license": "MIT",
            "dependencies": {
                "@pkmn/dex-types": "^0.9.15"
            }
        },
        "node_modules/@pkmn/dex-types": {
            "version": "0.9.15",
            "resolved": "https://registry.npmjs.org/@pkmn/dex-types/-/dex-types-0.9.15.tgz",
            "integrity": "sha512-s4pc9RXdsF/icO/j4m8zHsizBuOWbxjeBCKdHFMmRSdD+W1b5b5yZOy726HZj8Drf+XkNOpgO4Yolypfc1c8hQ==",
            "license": "MIT",
            "dependencies": {
                "@pkmn/types": "^4.0.0"
            }
        },
        "node_modules/@pkmn/protocol": {
            "version": "0.6.26",
            "resolved": "https://registry.npmjs.org/@pkmn/protocol/-/protocol-0.6.26.tgz",
            "integrity": "sha512-5fSpFQ9lmfKiN9MBPi7NKi+Se3EI9FvsYeiEmz2ycIA7anYRj+ZdFUya6pMpLQ863x6ptk44H96eG1t4M+2UPQ==",
            "license": "MIT",
            "dependencies": {
                "@pkmn/types": "^4.0.0"
            },
            "bin": {
                "generate-handler": "generate-handler",
                "protocol-verifier": "protocol-verifier"
            }
        },
        "node_modules/@pkmn/randoms": {
            "version": "0.9.15",
            "resolved": "https://registry.npmjs.org/@pkmn/randoms/-/randoms-0.9.15.tgz",
            "integrity": "sha512-8yXi9t84U7L6SQIwTQWCGGife5AJb1cdHrzlfSsLA0A0unWpa8yVaXNHgEtqU6IscqYIFZ5Z6r0J2NsSSFyjsQ==",
            "license": "MIT",
            "dependencies": {
                "@pkmn/sim": "^0.9.15"
            }
        },
        "node_modules/@pkmn/sets": {
            "version": "5.1.2",
            "resolved": "https://registry.npmjs.org/@pkmn/sets/-/sets-5.1.2.tgz",
            "integrity": "sha512-eMChlYko92ZdvNKqjcJ2PkzDmSc5kIbaKSrPU/bOnjcrOq8ZGjod3b7KcDxeXrZXQAS027O0uVhwIJbdMDe/Yw==",
            "license": "MIT",
            "dependencies": {
                "@pkmn/types": "^4.0.0"
            }
        },
        "node_modules/@pkmn/sim": {
            "version": "0.9.15",
            "resolved": "https://registry.npmjs.org/@pkmn/sim/-/sim-0.9.15.tgz",
            "integrity": "sha512-8fJelCkYr6QT/d7cJk5QiJUuDvXLk7076qbeUzdNww5bEuIM8rsp6VOq/tdZ4+STLq5splvhqIsOP3ycpVyiHA==",
            "license": "MIT",
            "dependencies": {
                "@pkmn/sets": "^5.1.2",
                "@pkmn/streams": "^1.1.0"
            }
        },
        "node_modules/@pkmn/streams": {
            "version": "1.1.0",
            "resolved": "https://registry.npmjs.org/@pkmn/streams/-/streams-1.1.0.tgz",
            "integrity": "sha512-Pp9k7gt4xd76DqTU+LQEUyzuaauM4bV1MlehVtX1NS7o9zMFtjw50MfaEQ62dIMZyzxNjsJGoLGBeY1iSYLsRA==",
            "license": "MIT"
        },
        "node_modules/@pkmn/types": {
            "version": "4.0.0",
            "resolved": "https://registry.npmjs.org/@pkmn/types/-/types-4.0.0.tgz",
            "integrity": "sha512-gR2s/pxJYEegek1TtsYCQupNR3d5hMlcJFsiD+2LyfKr4tc+gETTql47tWLX5mFSbPcbXh7f4+7txlMIDoZx/g==",
            "license": "MIT"
        },
        "node_modules/@types/node": {
            "version": "22.7.4",
            "resolved": "https://registry.npmjs.org/@types/node/-/node-22.7.4.tgz",
            "integrity": "sha512-y+NPi1rFzDs1NdQHHToqeiX2TIS79SWEAw9GYhkkx8bD0ChpfqC+n2j5OXOCpzfojBEBt6DnEnnG9MY0zk1XLg==",
            "dev": true,
            "license": "MIT",
            "dependencies": {
                "undici-types": "~6.19.2"
            }
        },
        "node_modules/dotenv": {
            "version": "16.4.5",
            "resolved": "https://registry.npmjs.org/dotenv/-/dotenv-16.4.5.tgz",
            "integrity": "sha512-ZmdL2rui+eB2YwhsWzjInR8LldtZHGDoQ1ugH85ppHKwpUHL7j7rN0Ti9NCnGiQbhaZ11FpR+7ao1dNsmduNUg==",
            "license": "BSD-2-Clause",
            "engines": {
                "node": ">=12"
            },
            "funding": {
                "url": "https://dotenvx.com"
            }
        },
        "node_modules/undici-types": {
            "version": "6.19.8",
            "resolved": "https://registry.npmjs.org/undici-types/-/undici-types-6.19.8.tgz",
            "integrity": "sha512-ve2KP6f/JnbPBFyobGHuerC9g1FYGn/F8n1LWTwNxCEzd6IfqTwUQcNXgEtmmQ6DlRrC1hrSrBnCZPokRrDHjw==",
            "dev": true,
            "license": "MIT"
        }
    }
}
