{
  "name": "heuristics",
  "lockfileVersion": 3,
  "requires": true,
  "packages": {
    "": {
      "dependencies": {
        "@pkmn/randoms": "^0.9.10"
      },
      "devDependencies": {
        "@types/node": "^20.14.12"
      }
    },
    "node_modules/@pkmn/randoms": {
      "version": "0.9.10",
      "resolved": "https://registry.npmjs.org/@pkmn/randoms/-/randoms-0.9.10.tgz",
      "integrity": "sha512-obDCu62cQTw4IEaTpq3ncPX5D4PwQn9tsekblMFoDTjK9LbqBgVQsvwdSw1Xc6bUpjiUr5g0uxVvCKuAxlGHbA==",
      "license": "MIT",
      "dependencies": {
        "@pkmn/sim": "^0.9.10"
      }
    },
    "node_modules/@pkmn/sets": {
      "version": "5.1.2",
      "resolved": "https://registry.npmjs.org/@pkmn/sets/-/sets-5.1.2.tgz",
      "integrity": "sha512-eMChlYko92ZdvNKqjcJ2PkzDmSc5kIbaKSrPU/bOnjcrOq8ZGjod3b7KcDxeXrZXQAS027O0uVhwIJbdMDe/Yw==",
      "license": "MIT",
      "dependencies": {
        "@pkmn/types": "^4.0.0"
      }
    },
    "node_modules/@pkmn/sim": {
      "version": "0.9.10",
      "resolved": "https://registry.npmjs.org/@pkmn/sim/-/sim-0.9.10.tgz",
      "integrity": "sha512-FlJn3jyxQGW3AyHW7Epm8zb6Q7JIUz2nOfiVx0XMi/mWgGC8y6Zoo/QQZ4mDFga2FINh9/S35WI8cSv7nX5AJQ==",
      "license": "MIT",
      "dependencies": {
        "@pkmn/sets": "^5.1.2",
        "@pkmn/streams": "^1.1.0"
      }
    },
    "node_modules/@pkmn/streams": {
      "version": "1.1.0",
      "resolved": "https://registry.npmjs.org/@pkmn/streams/-/streams-1.1.0.tgz",
      "integrity": "sha512-Pp9k7gt4xd76DqTU+LQEUyzuaauM4bV1MlehVtX1NS7o9zMFtjw50MfaEQ62dIMZyzxNjsJGoLGBeY1iSYLsRA==",
      "license": "MIT"
    },
    "node_modules/@pkmn/types": {
      "version": "4.0.0",
      "resolved": "https://registry.npmjs.org/@pkmn/types/-/types-4.0.0.tgz",
      "integrity": "sha512-gR2s/pxJYEegek1TtsYCQupNR3d5hMlcJFsiD+2LyfKr4tc+gETTql47tWLX5mFSbPcbXh7f4+7txlMIDoZx/g==",
      "license": "MIT"
    },
    "node_modules/@types/node": {
      "version": "20.14.12",
      "resolved": "https://registry.npmjs.org/@types/node/-/node-20.14.12.tgz",
      "integrity": "sha512-r7wNXakLeSsGT0H1AU863vS2wa5wBOK4bWMjZz2wj+8nBx+m5PeIn0k8AloSLpRuiwdRQZwarZqHE4FNArPuJQ==",
      "dev": true,
      "license": "MIT",
      "dependencies": {
        "undici-types": "~5.26.4"
      }
    },
    "node_modules/undici-types": {
      "version": "5.26.5",
      "resolved": "https://registry.npmjs.org/undici-types/-/undici-types-5.26.5.tgz",
      "integrity": "sha512-JlCMO+ehdEIKqlFxk6IfVoAUVmgz7cU7zD/h9XZ0qzeosSHmUJVOzSQvvYSYWXkFXC+IfLKSIffhv0sVZup6pA==",
      "dev": true,
      "license": "MIT"
    }
  }
}
